
Microsoft Visual Studio Solution File, Format Version 11.00
# Visual Studio 2010 Express for Windows Phone
Project("{FAE04EC0-301F-11D3-BF4B-00C04F79EFBC}") = "SuggesterApp", "SuggesterApp\SuggesterApp.csproj", "{58FE25AF-5EE7-48DC-A238-80A1ED0627DA}"
EndProject
Project("{FAE04EC0-301F-11D3-BF4B-00C04F79EFBC}") = "SuggesterTools", "SuggesterTools\SuggesterTools.csproj", "{32ACC255-AF26-423A-BCCC-0FDE5CA12B66}"
EndProject
Project("{FAE04EC0-301F-11D3-BF4B-00C04F79EFBC}") = "SuggesterControls", "SuggesterControls\SuggesterControls.csproj", "{6A91E946-8B07-4278-BA6A-64785E3D72A6}"
EndProject
Project("{FAE04EC0-301F-11D3-BF4B-00C04F79EFBC}") = "SuggesterAppTest", "SuggesterAppTest\SuggesterAppTest.csproj", "{6B65A02A-6ECC-4D37-BB84-277B9357F45B}"
EndProject
Project("{FAE04EC0-301F-11D3-BF4B-00C04F79EFBC}") = "Lists", "Lists\Lists.csproj", "{703F8C44-175F-46AA-A76F-C53AC90C7199}"
EndProject
Global
	GlobalSection(SolutionConfigurationPlatforms) = preSolution
		Debug|Any CPU = Debug|Any CPU
		Release|Any CPU = Release|Any CPU
	EndGlobalSection
	GlobalSection(ProjectConfigurationPlatforms) = postSolution
		{58FE25AF-5EE7-48DC-A238-80A1ED0627DA}.Debug|Any CPU.ActiveCfg = Debug|Any CPU
		{58FE25AF-5EE7-48DC-A238-80A1ED0627DA}.Debug|Any CPU.Build.0 = Debug|Any CPU
		{58FE25AF-5EE7-48DC-A238-80A1ED0627DA}.Debug|Any CPU.Deploy.0 = Debug|Any CPU
		{58FE25AF-5EE7-48DC-A238-80A1ED0627DA}.Release|Any CPU.ActiveCfg = Release|Any CPU
		{58FE25AF-5EE7-48DC-A238-80A1ED0627DA}.Release|Any CPU.Build.0 = Release|Any CPU
		{58FE25AF-5EE7-48DC-A238-80A1ED0627DA}.Release|Any CPU.Deploy.0 = Release|Any CPU
		{32ACC255-AF26-423A-BCCC-0FDE5CA12B66}.Debug|Any CPU.ActiveCfg = Debug|Any CPU
		{32ACC255-AF26-423A-BCCC-0FDE5CA12B66}.Debug|Any CPU.Build.0 = Debug|Any CPU
		{32ACC255-AF26-423A-BCCC-0FDE5CA12B66}.Release|Any CPU.ActiveCfg = Release|Any CPU
		{32ACC255-AF26-423A-BCCC-0FDE5CA12B66}.Release|Any CPU.Build.0 = Release|Any CPU
		{6A91E946-8B07-4278-BA6A-64785E3D72A6}.Debug|Any CPU.ActiveCfg = Debug|Any CPU
		{6A91E946-8B07-4278-BA6A-64785E3D72A6}.Debug|Any CPU.Build.0 = Debug|Any CPU
		{6A91E946-8B07-4278-BA6A-64785E3D72A6}.Release|Any CPU.ActiveCfg = Release|Any CPU
		{6A91E946-8B07-4278-BA6A-64785E3D72A6}.Release|Any CPU.Build.0 = Release|Any CPU
		{6B65A02A-6ECC-4D37-BB84-277B9357F45B}.Debug|Any CPU.ActiveCfg = Debug|Any CPU
		{6B65A02A-6ECC-4D37-BB84-277B9357F45B}.Debug|Any CPU.Build.0 = Debug|Any CPU
		{6B65A02A-6ECC-4D37-BB84-277B9357F45B}.Debug|Any CPU.Deploy.0 = Debug|Any CPU
		{6B65A02A-6ECC-4D37-BB84-277B9357F45B}.Release|Any CPU.ActiveCfg = Release|Any CPU
		{6B65A02A-6ECC-4D37-BB84-277B9357F45B}.Release|Any CPU.Build.0 = Release|Any CPU
		{6B65A02A-6ECC-4D37-BB84-277B9357F45B}.Release|Any CPU.Deploy.0 = Release|Any CPU
		{703F8C44-175F-46AA-A76F-C53AC90C7199}.Debug|Any CPU.ActiveCfg = Debug|Any CPU
		{703F8C44-175F-46AA-A76F-C53AC90C7199}.Debug|Any CPU.Build.0 = Debug|Any CPU
		{703F8C44-175F-46AA-A76F-C53AC90C7199}.Release|Any CPU.ActiveCfg = Release|Any CPU
		{703F8C44-175F-46AA-A76F-C53AC90C7199}.Release|Any CPU.Build.0 = Release|Any CPU
	EndGlobalSection
	GlobalSection(SolutionProperties) = preSolution
		HideSolutionNode = FALSE
	EndGlobalSection
EndGlobal
